// !$*UTF8*$!
{
	archiveVersion = 1;
	classes = {
	};
	objectVersion = 50;
	objects = {

/* Begin PBXBuildFile section */
		54074B9C22483F4200FDB973 /* TableViewCell.swift in Sources */ = {isa = PBXBuildFile; fileRef = 54074B9B22483F4200FDB973 /* TableViewCell.swift */; };
		547A235B2241583B0023C084 /* StartViewController.swift in Sources */ = {isa = PBXBuildFile; fileRef = 547A235A2241583B0023C084 /* StartViewController.swift */; };
		AF7E8DD725FBE03012EC94E3 /* Pods_Speed_Investor.framework in Frameworks */ = {isa = PBXBuildFile; fileRef = 934D1C4E5AADFAA3E640A669 /* Pods_Speed_Investor.framework */; };
		CC37F2B42223F58E00124A5A /* AppDelegate.swift in Sources */ = {isa = PBXBuildFile; fileRef = CC37F2A12223EBB800124A5A /* AppDelegate.swift */; };
		CC37F2B52223F59200124A5A /* ViewController.swift in Sources */ = {isa = PBXBuildFile; fileRef = CC37F2A32223EBB800124A5A /* ViewController.swift */; };
		CC37F2B62223F59600124A5A /* Main.storyboard in Resources */ = {isa = PBXBuildFile; fileRef = CC37F2A52223EBB800124A5A /* Main.storyboard */; };
		CC37F2B72223F59A00124A5A /* Assets.xcassets in Resources */ = {isa = PBXBuildFile; fileRef = CC37F2A82223EBB900124A5A /* Assets.xcassets */; };
		CC37F2B82223F59E00124A5A /* LaunchScreen.storyboard in Resources */ = {isa = PBXBuildFile; fileRef = CC37F2AA2223EBB900124A5A /* LaunchScreen.storyboard */; };
		CC7EECAC2238184300F0166D /* EndViewController.swift in Sources */ = {isa = PBXBuildFile; fileRef = CC7EECAB2238184300F0166D /* EndViewController.swift */; };
		CC7EECAE2238217700F0166D /* Users.swift in Sources */ = {isa = PBXBuildFile; fileRef = CC7EECAD2238217700F0166D /* Users.swift */; };
		CCA902032236F13A00302BF0 /* GoogleService-Info.plist in Resources */ = {isa = PBXBuildFile; fileRef = CCA902022236F13900302BF0 /* GoogleService-Info.plist */; };
/* End PBXBuildFile section */

/* Begin PBXFileReference section */
		54074B9B22483F4200FDB973 /* TableViewCell.swift */ = {isa = PBXFileReference; lastKnownFileType = sourcecode.swift; path = TableViewCell.swift; sourceTree = "<group>"; };
		547A235A2241583B0023C084 /* StartViewController.swift */ = {isa = PBXFileReference; lastKnownFileType = sourcecode.swift; path = StartViewController.swift; sourceTree = "<group>"; };
		90117B1F4F437B8FE43FE9AC /* Pods-Speed Investor.debug.xcconfig */ = {isa = PBXFileReference; includeInIndex = 1; lastKnownFileType = text.xcconfig; name = "Pods-Speed Investor.debug.xcconfig"; path = "Pods/Target Support Files/Pods-Speed Investor/Pods-Speed Investor.debug.xcconfig"; sourceTree = "<group>"; };
		934D1C4E5AADFAA3E640A669 /* Pods_Speed_Investor.framework */ = {isa = PBXFileReference; explicitFileType = wrapper.framework; includeInIndex = 0; path = Pods_Speed_Investor.framework; sourceTree = BUILT_PRODUCTS_DIR; };
		CC37F29E2223EBB800124A5A /* Speed Investor.app */ = {isa = PBXFileReference; explicitFileType = wrapper.application; includeInIndex = 0; path = "Speed Investor.app"; sourceTree = BUILT_PRODUCTS_DIR; };
		CC37F2A12223EBB800124A5A /* AppDelegate.swift */ = {isa = PBXFileReference; lastKnownFileType = sourcecode.swift; path = AppDelegate.swift; sourceTree = "<group>"; };
		CC37F2A32223EBB800124A5A /* ViewController.swift */ = {isa = PBXFileReference; lastKnownFileType = sourcecode.swift; path = ViewController.swift; sourceTree = "<group>"; };
		CC37F2A62223EBB800124A5A /* Base */ = {isa = PBXFileReference; lastKnownFileType = file.storyboard; name = Base; path = Base.lproj/Main.storyboard; sourceTree = "<group>"; };
		CC37F2A82223EBB900124A5A /* Assets.xcassets */ = {isa = PBXFileReference; lastKnownFileType = folder.assetcatalog; path = Assets.xcassets; sourceTree = "<group>"; };
		CC37F2AB2223EBB900124A5A /* Base */ = {isa = PBXFileReference; lastKnownFileType = file.storyboard; name = Base; path = Base.lproj/LaunchScreen.storyboard; sourceTree = "<group>"; };
		CC37F2AD2223EBB900124A5A /* Info.plist */ = {isa = PBXFileReference; lastKnownFileType = text.plist.xml; path = Info.plist; sourceTree = "<group>"; };
		CC7EECAB2238184300F0166D /* EndViewController.swift */ = {isa = PBXFileReference; lastKnownFileType = sourcecode.swift; path = EndViewController.swift; sourceTree = "<group>"; };
		CC7EECAD2238217700F0166D /* Users.swift */ = {isa = PBXFileReference; lastKnownFileType = sourcecode.swift; path = Users.swift; sourceTree = "<group>"; };
		CCA902022236F13900302BF0 /* GoogleService-Info.plist */ = {isa = PBXFileReference; fileEncoding = 4; lastKnownFileType = text.plist.xml; path = "GoogleService-Info.plist"; sourceTree = "<group>"; };
		F4C320C7F941BC164597B137 /* Pods-Speed Investor.release.xcconfig */ = {isa = PBXFileReference; includeInIndex = 1; lastKnownFileType = text.xcconfig; name = "Pods-Speed Investor.release.xcconfig"; path = "Pods/Target Support Files/Pods-Speed Investor/Pods-Speed Investor.release.xcconfig"; sourceTree = "<group>"; };
/* End PBXFileReference section */

/* Begin PBXFrameworksBuildPhase section */
		CC37F29B2223EBB800124A5A /* Frameworks */ = {
			isa = PBXFrameworksBuildPhase;
			buildActionMask = 2147483647;
			files = (
				AF7E8DD725FBE03012EC94E3 /* Pods_Speed_Investor.framework in Frameworks */,
			);
			runOnlyForDeploymentPostprocessing = 0;
		};
/* End PBXFrameworksBuildPhase section */

/* Begin PBXGroup section */
		C44BF11AB7BFA1BF90A704DF /* Frameworks */ = {
			isa = PBXGroup;
			children = (
				934D1C4E5AADFAA3E640A669 /* Pods_Speed_Investor.framework */,
			);
			name = Frameworks;
			sourceTree = "<group>";
		};
		C7DBEA4126EA4F3F75BEF85A /* Pods */ = {
			isa = PBXGroup;
			children = (
				90117B1F4F437B8FE43FE9AC /* Pods-Speed Investor.debug.xcconfig */,
				F4C320C7F941BC164597B137 /* Pods-Speed Investor.release.xcconfig */,
			);
			name = Pods;
			sourceTree = "<group>";
		};
		CC37F2952223EBB800124A5A = {
			isa = PBXGroup;
			children = (
				CC37F2A02223EBB800124A5A /* Speed Investor */,
				CC37F29F2223EBB800124A5A /* Products */,
				C7DBEA4126EA4F3F75BEF85A /* Pods */,
				C44BF11AB7BFA1BF90A704DF /* Frameworks */,
			);
			sourceTree = "<group>";
		};
		CC37F29F2223EBB800124A5A /* Products */ = {
			isa = PBXGroup;
			children = (
				CC37F29E2223EBB800124A5A /* Speed Investor.app */,
			);
			name = Products;
			sourceTree = "<group>";
		};
		CC37F2A02223EBB800124A5A /* Speed Investor */ = {
			isa = PBXGroup;
			children = (
				CCA902042236F7AF00302BF0 /* Model */,
				CCA902052236F7DD00302BF0 /* View */,
				CCA902062236F7E700302BF0 /* Controller */,
				CC37F2A82223EBB900124A5A /* Assets.xcassets */,
				CCA902072236F85600302BF0 /* Supporting Files */,
				CC37F2AD2223EBB900124A5A /* Info.plist */,
			);
			path = "Speed Investor";
			sourceTree = "<group>";
		};
		CCA902042236F7AF00302BF0 /* Model */ = {
			isa = PBXGroup;
			children = (
				CC7EECAD2238217700F0166D /* Users.swift */,
			);
			path = Model;
			sourceTree = "<group>";
		};
		CCA902052236F7DD00302BF0 /* View */ = {
			isa = PBXGroup;
			children = (
				CC37F2A52223EBB800124A5A /* Main.storyboard */,
				CC37F2AA2223EBB900124A5A /* LaunchScreen.storyboard */,
			);
			path = View;
			sourceTree = "<group>";
		};
		CCA902062236F7E700302BF0 /* Controller */ = {
			isa = PBXGroup;
			children = (
				CC37F2A12223EBB800124A5A /* AppDelegate.swift */,
				CC37F2A32223EBB800124A5A /* ViewController.swift */,
				CC7EECAB2238184300F0166D /* EndViewController.swift */,
				547A235A2241583B0023C084 /* StartViewController.swift */,
				54074B9B22483F4200FDB973 /* TableViewCell.swift */,
			);
			path = Controller;
			sourceTree = "<group>";
		};
		CCA902072236F85600302BF0 /* Supporting Files */ = {
			isa = PBXGroup;
			children = (
				CCA902022236F13900302BF0 /* GoogleService-Info.plist */,
			);
			path = "Supporting Files";
			sourceTree = "<group>";
		};
/* End PBXGroup section */

/* Begin PBXNativeTarget section */
		CC37F29D2223EBB800124A5A /* Speed Investor */ = {
			isa = PBXNativeTarget;
			buildConfigurationList = CC37F2B02223EBB900124A5A /* Build configuration list for PBXNativeTarget "Speed Investor" */;
			buildPhases = (
				37D102C5552F3E13EBA3146D /* [CP] Check Pods Manifest.lock */,
				CC37F29A2223EBB800124A5A /* Sources */,
				CC37F29B2223EBB800124A5A /* Frameworks */,
				CC37F29C2223EBB800124A5A /* Resources */,
				A2FB7C131C72EA699295154D /* [CP] Embed Pods Frameworks */,
			);
			buildRules = (
			);
			dependencies = (
			);
			name = "Speed Investor";
			productName = "Speed Investor";
			productReference = CC37F29E2223EBB800124A5A /* Speed Investor.app */;
			productType = "com.apple.product-type.application";
		};
/* End PBXNativeTarget section */

/* Begin PBXProject section */
		CC37F2962223EBB800124A5A /* Project object */ = {
			isa = PBXProject;
			attributes = {
				LastSwiftUpdateCheck = 1010;
				LastUpgradeCheck = 1010;
				ORGANIZATIONNAME = user151107;
				TargetAttributes = {
					CC37F29D2223EBB800124A5A = {
						CreatedOnToolsVersion = 10.1;
						LastSwiftMigration = 1020;
					};
				};
			};
			buildConfigurationList = CC37F2992223EBB800124A5A /* Build configuration list for PBXProject "Speed Investor" */;
			compatibilityVersion = "Xcode 9.3";
			developmentRegion = en;
			hasScannedForEncodings = 0;
			knownRegions = (
				en,
				Base,
			);
			mainGroup = CC37F2952223EBB800124A5A;
			productRefGroup = CC37F29F2223EBB800124A5A /* Products */;
			projectDirPath = "";
			projectRoot = "";
			targets = (
				CC37F29D2223EBB800124A5A /* Speed Investor */,
			);
		};
/* End PBXProject section */

/* Begin PBXResourcesBuildPhase section */
		CC37F29C2223EBB800124A5A /* Resources */ = {
			isa = PBXResourcesBuildPhase;
			buildActionMask = 2147483647;
			files = (
				CC37F2B82223F59E00124A5A /* LaunchScreen.storyboard in Resources */,
				CCA902032236F13A00302BF0 /* GoogleService-Info.plist in Resources */,
				CC37F2B72223F59A00124A5A /* Assets.xcassets in Resources */,
				CC37F2B62223F59600124A5A /* Main.storyboard in Resources */,
			);
			runOnlyForDeploymentPostprocessing = 0;
		};
/* End PBXResourcesBuildPhase section */

/* Begin PBXShellScriptBuildPhase section */
		37D102C5552F3E13EBA3146D /* [CP] Check Pods Manifest.lock */ = {
			isa = PBXShellScriptBuildPhase;
			buildActionMask = 2147483647;
			files = (
			);
			inputFileListPaths = (
			);
			inputPaths = (
				"${PODS_PODFILE_DIR_PATH}/Podfile.lock",
				"${PODS_ROOT}/Manifest.lock",
			);
			name = "[CP] Check Pods Manifest.lock";
			outputFileListPaths = (
			);
			outputPaths = (
				"$(DERIVED_FILE_DIR)/Pods-Speed Investor-checkManifestLockResult.txt",
			);
			runOnlyForDeploymentPostprocessing = 0;
			shellPath = /bin/sh;
			shellScript = "diff \"${PODS_PODFILE_DIR_PATH}/Podfile.lock\" \"${PODS_ROOT}/Manifest.lock\" > /dev/null\nif [ $? != 0 ] ; then\n    # print error to STDERR\n    echo \"error: The sandbox is not in sync with the Podfile.lock. Run 'pod install' or update your CocoaPods installation.\" >&2\n    exit 1\nfi\n# This output is used by Xcode 'outputs' to avoid re-running this script phase.\necho \"SUCCESS\" > \"${SCRIPT_OUTPUT_FILE_0}\"\n";
			showEnvVarsInLog = 0;
		};
		A2FB7C131C72EA699295154D /* [CP] Embed Pods Frameworks */ = {
			isa = PBXShellScriptBuildPhase;
			buildActionMask = 2147483647;
			files = (
			);
			inputFileListPaths = (
			);
			inputPaths = (
				"${SRCROOT}/Pods/Target Support Files/Pods-Speed Investor/Pods-Speed Investor-frameworks.sh",
				"${BUILT_PRODUCTS_DIR}/GTMSessionFetcher/GTMSessionFetcher.framework",
				"${BUILT_PRODUCTS_DIR}/GoogleUtilities/GoogleUtilities.framework",
				"${BUILT_PRODUCTS_DIR}/SVProgressHUD/SVProgressHUD.framework",
				"${BUILT_PRODUCTS_DIR}/leveldb-library/leveldb.framework",
				"${BUILT_PRODUCTS_DIR}/nanopb/nanopb.framework",
			);
			name = "[CP] Embed Pods Frameworks";
			outputFileListPaths = (
			);
			outputPaths = (
				"${TARGET_BUILD_DIR}/${FRAMEWORKS_FOLDER_PATH}/GTMSessionFetcher.framework",
				"${TARGET_BUILD_DIR}/${FRAMEWORKS_FOLDER_PATH}/GoogleUtilities.framework",
				"${TARGET_BUILD_DIR}/${FRAMEWORKS_FOLDER_PATH}/SVProgressHUD.framework",
				"${TARGET_BUILD_DIR}/${FRAMEWORKS_FOLDER_PATH}/leveldb.framework",
				"${TARGET_BUILD_DIR}/${FRAMEWORKS_FOLDER_PATH}/nanopb.framework",
			);
			runOnlyForDeploymentPostprocessing = 0;
			shellPath = /bin/sh;
			shellScript = "\"${SRCROOT}/Pods/Target Support Files/Pods-Speed Investor/Pods-Speed Investor-frameworks.sh\"\n";
			showEnvVarsInLog = 0;
		};
/* End PBXShellScriptBuildPhase section */

/* Begin PBXSourcesBuildPhase section */
		CC37F29A2223EBB800124A5A /* Sources */ = {
			isa = PBXSourcesBuildPhase;
			buildActionMask = 2147483647;
			files = (
				547A235B2241583B0023C084 /* StartViewController.swift in Sources */,
				CC7EECAC2238184300F0166D /* EndViewController.swift in Sources */,
				CC37F2B52223F59200124A5A /* ViewController.swift in Sources */,
				54074B9C22483F4200FDB973 /* TableViewCell.swift in Sources */,
				CC7EECAE2238217700F0166D /* Users.swift in Sources */,
				CC37F2B42223F58E00124A5A /* AppDelegate.swift in Sources */,
			);
			runOnlyForDeploymentPostprocessing = 0;
		};
/* End PBXSourcesBuildPhase section */

/* Begin PBXVariantGroup section */
		CC37F2A52223EBB800124A5A /* Main.storyboard */ = {
			isa = PBXVariantGroup;
			children = (
				CC37F2A62223EBB800124A5A /* Base */,
			);
			name = Main.storyboard;
			sourceTree = "<group>";
		};
		CC37F2AA2223EBB900124A5A /* LaunchScreen.storyboard */ = {
			isa = PBXVariantGroup;
			children = (
				CC37F2AB2223EBB900124A5A /* Base */,
			);
			name = LaunchScreen.storyboard;
			sourceTree = "<group>";
		};
/* End PBXVariantGroup section */

/* Begin XCBuildConfiguration section */
		CC37F2AE2223EBB900124A5A /* Debug */ = {
			isa = XCBuildConfiguration;
			buildSettings = {
				ALWAYS_SEARCH_USER_PATHS = NO;
				CLANG_ANALYZER_NONNULL = YES;
				CLANG_ANALYZER_NUMBER_OBJECT_CONVERSION = YES_AGGRESSIVE;
				CLANG_CXX_LANGUAGE_STANDARD = "gnu++14";
				CLANG_CXX_LIBRARY = "libc++";
				CLANG_ENABLE_MODULES = YES;
				CLANG_ENABLE_OBJC_ARC = YES;
				CLANG_ENABLE_OBJC_WEAK = YES;
				CLANG_WARN_BLOCK_CAPTURE_AUTORELEASING = YES;
				CLANG_WARN_BOOL_CONVERSION = YES;
				CLANG_WARN_COMMA = YES;
				CLANG_WARN_CONSTANT_CONVERSION = YES;
				CLANG_WARN_DEPRECATED_OBJC_IMPLEMENTATIONS = YES;
				CLANG_WARN_DIRECT_OBJC_ISA_USAGE = YES_ERROR;
				CLANG_WARN_DOCUMENTATION_COMMENTS = YES;
				CLANG_WARN_EMPTY_BODY = YES;
				CLANG_WARN_ENUM_CONVERSION = YES;
				CLANG_WARN_INFINITE_RECURSION = YES;
				CLANG_WARN_INT_CONVERSION = YES;
				CLANG_WARN_NON_LITERAL_NULL_CONVERSION = YES;
				CLANG_WARN_OBJC_IMPLICIT_RETAIN_SELF = YES;
				CLANG_WARN_OBJC_LITERAL_CONVERSION = YES;
				CLANG_WARN_OBJC_ROOT_CLASS = YES_ERROR;
				CLANG_WARN_RANGE_LOOP_ANALYSIS = YES;
				CLANG_WARN_STRICT_PROTOTYPES = YES;
				CLANG_WARN_SUSPICIOUS_MOVE = YES;
				CLANG_WARN_UNGUARDED_AVAILABILITY = YES_AGGRESSIVE;
				CLANG_WARN_UNREACHABLE_CODE = YES;
				CLANG_WARN__DUPLICATE_METHOD_MATCH = YES;
				CODE_SIGN_IDENTITY = "iPhone Developer";
				COPY_PHASE_STRIP = NO;
				DEBUG_INFORMATION_FORMAT = dwarf;
				ENABLE_STRICT_OBJC_MSGSEND = YES;
				ENABLE_TESTABILITY = YES;
				GCC_C_LANGUAGE_STANDARD = gnu11;
				GCC_DYNAMIC_NO_PIC = NO;
				GCC_NO_COMMON_BLOCKS = YES;
				GCC_OPTIMIZATION_LEVEL = 0;
				GCC_PREPROCESSOR_DEFINITIONS = (
					"DEBUG=1",
					"$(inherited)",
				);
				GCC_WARN_64_TO_32_BIT_CONVERSION = YES;
				GCC_WARN_ABOUT_RETURN_TYPE = YES_ERROR;
				GCC_WARN_UNDECLARED_SELECTOR = YES;
				GCC_WARN_UNINITIALIZED_AUTOS = YES_AGGRESSIVE;
				GCC_WARN_UNUSED_FUNCTION = YES;
				GCC_WARN_UNUSED_VARIABLE = YES;
				IPHONEOS_DEPLOYMENT_TARGET = 12.1;
				MTL_ENABLE_DEBUG_INFO = INCLUDE_SOURCE;
				MTL_FAST_MATH = YES;
				ONLY_ACTIVE_ARCH = YES;
				SDKROOT = iphoneos;
				SWIFT_ACTIVE_COMPILATION_CONDITIONS = DEBUG;
				SWIFT_OPTIMIZATION_LEVEL = "-Onone";
			};
			name = Debug;
		};
		CC37F2AF2223EBB900124A5A /* Release */ = {
			isa = XCBuildConfiguration;
			buildSettings = {
				ALWAYS_SEARCH_USER_PATHS = NO;
				CLANG_ANALYZER_NONNULL = YES;
				CLANG_ANALYZER_NUMBER_OBJECT_CONVERSION = YES_AGGRESSIVE;
				CLANG_CXX_LANGUAGE_STANDARD = "gnu++14";
				CLANG_CXX_LIBRARY = "libc++";
				CLANG_ENABLE_MODULES = YES;
				CLANG_ENABLE_OBJC_ARC = YES;
				CLANG_ENABLE_OBJC_WEAK = YES;
				CLANG_WARN_BLOCK_CAPTURE_AUTORELEASING = YES;
				CLANG_WARN_BOOL_CONVERSION = YES;
				CLANG_WARN_COMMA = YES;
				CLANG_WARN_CONSTANT_CONVERSION = YES;
				CLANG_WARN_DEPRECATED_OBJC_IMPLEMENTATIONS = YES;
				CLANG_WARN_DIRECT_OBJC_ISA_USAGE = YES_ERROR;
				CLANG_WARN_DOCUMENTATION_COMMENTS = YES;
				CLANG_WARN_EMPTY_BODY = YES;
				CLANG_WARN_ENUM_CONVERSION = YES;
				CLANG_WARN_INFINITE_RECURSION = YES;
				CLANG_WARN_INT_CONVERSION = YES;
				CLANG_WARN_NON_LITERAL_NULL_CONVERSION = YES;
				CLANG_WARN_OBJC_IMPLICIT_RETAIN_SELF = YES;
				CLANG_WARN_OBJC_LITERAL_CONVERSION = YES;
				CLANG_WARN_OBJC_ROOT_CLASS = YES_ERROR;
				CLANG_WARN_RANGE_LOOP_ANALYSIS = YES;
				CLANG_WARN_STRICT_PROTOTYPES = YES;
				CLANG_WARN_SUSPICIOUS_MOVE = YES;
				CLANG_WARN_UNGUARDED_AVAILABILITY = YES_AGGRESSIVE;
				CLANG_WARN_UNREACHABLE_CODE = YES;
				CLANG_WARN__DUPLICATE_METHOD_MATCH = YES;
				CODE_SIGN_IDENTITY = "iPhone Developer";
				COPY_PHASE_STRIP = NO;
				DEBUG_INFORMATION_FORMAT = "dwarf-with-dsym";
				ENABLE_NS_ASSERTIONS = NO;
				ENABLE_STRICT_OBJC_MSGSEND = YES;
				GCC_C_LANGUAGE_STANDARD = gnu11;
				GCC_NO_COMMON_BLOCKS = YES;
				GCC_WARN_64_TO_32_BIT_CONVERSION = YES;
				GCC_WARN_ABOUT_RETURN_TYPE = YES_ERROR;
				GCC_WARN_UNDECLARED_SELECTOR = YES;
				GCC_WARN_UNINITIALIZED_AUTOS = YES_AGGRESSIVE;
				GCC_WARN_UNUSED_FUNCTION = YES;
				GCC_WARN_UNUSED_VARIABLE = YES;
				IPHONEOS_DEPLOYMENT_TARGET = 12.1;
				MTL_ENABLE_DEBUG_INFO = NO;
				MTL_FAST_MATH = YES;
				SDKROOT = iphoneos;
				SWIFT_COMPILATION_MODE = wholemodule;
				SWIFT_OPTIMIZATION_LEVEL = "-O";
				VALIDATE_PRODUCT = YES;
			};
			name = Release;
		};
		CC37F2B12223EBB900124A5A /* Debug */ = {
			isa = XCBuildConfiguration;
			baseConfigurationReference = 90117B1F4F437B8FE43FE9AC /* Pods-Speed Investor.debug.xcconfig */;
			buildSettings = {
				ASSETCATALOG_COMPILER_APPICON_NAME = AppIcon;
				CODE_SIGN_IDENTITY = "iPhone Developer";
				CODE_SIGN_STYLE = Automatic;
				DEVELOPMENT_TEAM = "";
				INFOPLIST_FILE = "Speed Investor/Info.plist";
				LD_RUNPATH_SEARCH_PATHS = (
					"$(inherited)",
					"@executable_path/Frameworks",
				);
				PRODUCT_BUNDLE_IDENTIFIER = "com.Edgar.Speed-Investor";
				PRODUCT_NAME = "$(TARGET_NAME)";
				PROVISIONING_PROFILE_SPECIFIER = "";
				SWIFT_VERSION = 5.0;
				TARGETED_DEVICE_FAMILY = "1,2";
			};
			name = Debug;
		};
		CC37F2B22223EBB900124A5A /* Release */ = {
			isa = XCBuildConfiguration;
			baseConfigurationReference = F4C320C7F941BC164597B137 /* Pods-Speed Investor.release.xcconfig */;
			buildSettings = {
				ASSETCATALOG_COMPILER_APPICON_NAME = AppIcon;
				CODE_SIGN_IDENTITY = "iPhone Developer";
				CODE_SIGN_STYLE = Automatic;
				DEVELOPMENT_TEAM = "";
				INFOPLIST_FILE = "Speed Investor/Info.plist";
				LD_RUNPATH_SEARCH_PATHS = (
					"$(inherited)",
					"@executable_path/Frameworks",
				);
				PRODUCT_BUNDLE_IDENTIFIER = "com.Edgar.Speed-Investor";
				PRODUCT_NAME = "$(TARGET_NAME)";
				PROVISIONING_PROFILE_SPECIFIER = "";
				SWIFT_VERSION = 5.0;
				TARGETED_DEVICE_FAMILY = "1,2";
			};
			name = Release;
		};
/* End XCBuildConfiguration section */

/* Begin XCConfigurationList section */
		CC37F2992223EBB800124A5A /* Build configuration list for PBXProject "Speed Investor" */ = {
			isa = XCConfigurationList;
			buildConfigurations = (
				CC37F2AE2223EBB900124A5A /* Debug */,
				CC37F2AF2223EBB900124A5A /* Release */,
			);
			defaultConfigurationIsVisible = 0;
			defaultConfigurationName = Release;
		};
		CC37F2B02223EBB900124A5A /* Build configuration list for PBXNativeTarget "Speed Investor" */ = {
			isa = XCConfigurationList;
			buildConfigurations = (
				CC37F2B12223EBB900124A5A /* Debug */,
				CC37F2B22223EBB900124A5A /* Release */,
			);
			defaultConfigurationIsVisible = 0;
			defaultConfigurationName = Release;
		};
/* End XCConfigurationList section */
	};
	rootObject = CC37F2962223EBB800124A5A /* Project object */;
}
